
Microsoft Visual Studio Solution File, Format Version 12.00
# Visual Studio Version 17
VisualStudioVersion = 17.2.32526.322
MinimumVisualStudioVersion = 10.0.40219.1
Project("{FAE04EC0-301F-11D3-BF4B-00C04F79EFBC}") = "Manager", "Manager.csproj", "{E05ADD9A-238B-45FC-8953-02FB588CDA2F}"
EndProject
Global
	GlobalSection(SolutionConfigurationPlatforms) = preSolution
		Debug|Any CPU = Debug|Any CPU
		Release|Any CPU = Release|Any CPU
	EndGlobalSection
	GlobalSection(ProjectConfigurationPlatforms) = postSolution
		{E05ADD9A-238B-45FC-8953-02FB588CDA2F}.Debug|Any CPU.ActiveCfg = Debug|Any CPU
		{E05ADD9A-238B-45FC-8953-02FB588CDA2F}.Debug|Any CPU.Build.0 = Debug|Any CPU
		{E05ADD9A-238B-45FC-8953-02FB588CDA2F}.Release|Any CPU.ActiveCfg = Release|Any CPU
		{E05ADD9A-238B-45FC-8953-02FB588CDA2F}.Release|Any CPU.Build.0 = Release|Any CPU
	EndGlobalSection
	GlobalSection(SolutionProperties) = preSolution
		HideSolutionNode = FALSE
	EndGlobalSection
	GlobalSection(ExtensibilityGlobals) = postSolution
		SolutionGuid = {414CAA39-54BE-43A3-A785-247D3F7EE82F}
	EndGlobalSection
EndGlobal
